<?xml version="1.0" encoding="utf-8"?>
<Project ToolsVersion="4.0" xmlns="http://schemas.microsoft.com/developer/msbuild/2003">
  <ItemGroup>
    <Filter Include="Source Files">
      <UniqueIdentifier>{4FC737F1-C7A5-4376-A066-2A32D752A2FF}</UniqueIdentifier>
      <Extensions>cpp;c;cc;cxx;c++;cppm;ixx;def;odl;idl;hpj;bat;asm;asmx</Extensions>
    </Filter>
    <Filter Include="Header Files">
      <UniqueIdentifier>{93995380-89BD-4b04-88EB-625FBE52EBFB}</UniqueIdentifier>
      <Extensions>h;hh;hpp;hxx;h++;hm;inl;inc;ipp;xsd</Extensions>
    </Filter>
    <Filter Include="Resource Files">
      <UniqueIdentifier>{67DA6AB6-F800-4c08-8B7A-83BB121AAD01}</UniqueIdentifier>
      <Extensions>rc;ico;cur;bmp;dlg;rc2;rct;bin;rgs;gif;jpg;jpeg;jpe;resx;tiff;tif;png;wav;mfcribbon-ms</Extensions>
    </Filter>
    <Filter Include="Shader">
      <UniqueIdentifier>{2abf1b30-4769-4e78-87d0-bad7777d41f7}</UniqueIdentifier>
    </Filter>
    <Filter Include="Model">
      <UniqueIdentifier>{9ae97ae0-32f8-4f9c-a9a9-939bfe606233}</UniqueIdentifier>
    </Filter>
    <Filter Include="Common">
      <UniqueIdentifier>{9b96f515-0afc-477c-ac04-ae03122b7ac0}</UniqueIdentifier>
    </Filter>
    <Filter Include="Scene">
      <UniqueIdentifier>{5d7c6895-e6dd-478d-b7bf-0f2775556e48}</UniqueIdentifier>
    </Filter>
    <Filter Include="Tool">
      <UniqueIdentifier>{e3d65546-0dbb-4b0d-a577-7a8c833fe7b2}</UniqueIdentifier>
    </Filter>
    <Filter Include="Planet">
      <UniqueIdentifier>{6cc3cbe3-2357-461e-9e0a-52609f0dc733}</UniqueIdentifier>
    </Filter>
  </ItemGroup>
  <ItemGroup>
    <ClCompile Include="main.cpp">
      <Filter>Source Files</Filter>
    </ClCompile>
    <ClCompile Include="Model.cpp">
      <Filter>Model</Filter>
    </ClCompile>
    <ClCompile Include="Mesh.cpp">
      <Filter>Model</Filter>
    </ClCompile>
    <ClCompile Include="SphereModel.cpp">
      <Filter>Model</Filter>
    </ClCompile>
    <ClCompile Include="Application.cpp">
      <Filter>Common</Filter>
    </ClCompile>
    <ClCompile Include="Camera.cpp">
      <Filter>Common</Filter>
    </ClCompile>
    <ClCompile Include="Program.cpp">
      <Filter>Common</Filter>
    </ClCompile>
    <ClCompile Include="Viewer.cpp">
      <Filter>Common</Filter>
    </ClCompile>
    <ClCompile Include="Window.cpp">
      <Filter>Common</Filter>
    </ClCompile>
    <ClCompile Include="Light.cpp">
      <Filter>Common</Filter>
    </ClCompile>
    <ClCompile Include="Texture.cpp">
      <Filter>Common</Filter>
    </ClCompile>
    <ClCompile Include="Scene.cpp">
      <Filter>Scene</Filter>
    </ClCompile>
    <ClCompile Include="SceneManager.cpp">
      <Filter>Scene</Filter>
    </ClCompile>
    <ClCompile Include="SpaceScene.cpp">
      <Filter>Scene</Filter>
    </ClCompile>
    <ClCompile Include="QuadModel.cpp">
      <Filter>Model</Filter>
    </ClCompile>
    <ClCompile Include="TextureLib.cpp">
      <Filter>Common</Filter>
    </ClCompile>
    <ClCompile Include="TextureManager.cpp">
      <Filter>Common</Filter>
    </ClCompile>
    <ClCompile Include="EarthScene.cpp">
      <Filter>Scene</Filter>
    </ClCompile>
    <ClCompile Include="EmissivePlanet.cpp">
      <Filter>Scene</Filter>
    </ClCompile>
    <ClCompile Include="Noiser.cpp">
      <Filter>Tool</Filter>
    </ClCompile>
    <ClCompile Include="TerrainTool.cpp">
      <Filter>Tool</Filter>
    </ClCompile>
    <ClCompile Include="Framebuffer.cpp">
      <Filter>Common</Filter>
    </ClCompile>
    <ClCompile Include="Planet.cpp">
      <Filter>Planet</Filter>
    </ClCompile>
    <ClCompile Include="Earth.cpp">
      <Filter>Planet</Filter>
    </ClCompile>
  </ItemGroup>
  <ItemGroup>
    <ClInclude Include="Model.hpp">
      <Filter>Model</Filter>
    </ClInclude>
    <ClInclude Include="Mesh.hpp">
      <Filter>Model</Filter>
    </ClInclude>
    <ClInclude Include="SphereModel.hpp">
      <Filter>Model</Filter>
    </ClInclude>
    <ClInclude Include="Window.hpp">
      <Filter>Common</Filter>
    </ClInclude>
    <ClInclude Include="Viewer.hpp">
      <Filter>Common</Filter>
    </ClInclude>
    <ClInclude Include="Application.hpp">
      <Filter>Common</Filter>
    </ClInclude>
    <ClInclude Include="Program.hpp">
      <Filter>Common</Filter>
    </ClInclude>
    <ClInclude Include="Camera.hpp">
      <Filter>Common</Filter>
    </ClInclude>
    <ClInclude Include="Singleton.hpp">
      <Filter>Common</Filter>
    </ClInclude>
    <ClInclude Include="Light.hpp">
      <Filter>Common</Filter>
    </ClInclude>
    <ClInclude Include="Texture.hpp">
      <Filter>Common</Filter>
    </ClInclude>
    <ClInclude Include="Scene.hpp">
      <Filter>Scene</Filter>
    </ClInclude>
    <ClInclude Include="SceneManager.hpp">
      <Filter>Scene</Filter>
    </ClInclude>
    <ClInclude Include="SpaceScene.hpp">
      <Filter>Scene</Filter>
    </ClInclude>
    <ClInclude Include="QuadModel.hpp">
      <Filter>Model</Filter>
    </ClInclude>
    <ClInclude Include="TextureLib.hpp">
      <Filter>Common</Filter>
    </ClInclude>
    <ClInclude Include="TextureManager.hpp">
      <Filter>Common</Filter>
    </ClInclude>
    <ClInclude Include="Material.hpp">
      <Filter>Model</Filter>
    </ClInclude>
    <ClInclude Include="EarthScene.hpp">
      <Filter>Scene</Filter>
    </ClInclude>
    <ClInclude Include="EmissivePlanet.hpp">
      <Filter>Scene</Filter>
    </ClInclude>
    <ClInclude Include="StringTool.hpp">
      <Filter>Tool</Filter>
    </ClInclude>
    <ClInclude Include="GLTools.hpp">
      <Filter>Tool</Filter>
    </ClInclude>
    <ClInclude Include="Noiser.hpp">
      <Filter>Tool</Filter>
    </ClInclude>
    <ClInclude Include="TerrainTool.hpp">
      <Filter>Tool</Filter>
    </ClInclude>
    <ClInclude Include="Framebuffer.hpp">
      <Filter>Common</Filter>
    </ClInclude>
    <ClInclude Include="Planet.hpp">
      <Filter>Planet</Filter>
    </ClInclude>
    <ClInclude Include="Earth.hpp">
      <Filter>Planet</Filter>
    </ClInclude>
  </ItemGroup>
  <ItemGroup>
    <None Include="render.vert">
      <Filter>Shader</Filter>
    </None>
    <None Include="render.frag">
      <Filter>Shader</Filter>
    </None>
    <None Include="sun.frag">
      <Filter>Shader</Filter>
    </None>
    <None Include="texture.frag">
      <Filter>Shader</Filter>
    </None>
    <None Include="ground.frag">
      <Filter>Shader</Filter>
    </None>
    <None Include="perlin.frag">
      <Filter>Shader</Filter>
    </None>
    <None Include="texture.vert">
      <Filter>Shader</Filter>
    </None>
    <None Include="earth.frag">
      <Filter>Shader</Filter>
    </None>
    <None Include="earth.vert">
      <Filter>Shader</Filter>
    </None>
    <None Include="ground.vert">
      <Filter>Shader</Filter>
    </None>
  </ItemGroup>
</Project>